
Microsoft Visual Studio Solution File, Format Version 12.00
# Visual Studio Version 16
VisualStudioVersion = 16.0.29424.173
MinimumVisualStudioVersion = 10.0.40219.1
Project("{FAE04EC0-301F-11D3-BF4B-00C04F79EFBC}") = "PruebaDocker", "PruebaDocker.csproj", "{882A313C-F254-4405-8C4C-8D0206221923}"
EndProject
Global
	GlobalSection(SolutionConfigurationPlatforms) = preSolution
		Debug|Any CPU = Debug|Any CPU
		Release|Any CPU = Release|Any CPU
	EndGlobalSection
	GlobalSection(ProjectConfigurationPlatforms) = postSolution
		{882A313C-F254-4405-8C4C-8D0206221923}.Debug|Any CPU.ActiveCfg = Debug|Any CPU
		{882A313C-F254-4405-8C4C-8D0206221923}.Debug|Any CPU.Build.0 = Debug|Any CPU
		{882A313C-F254-4405-8C4C-8D0206221923}.Release|Any CPU.ActiveCfg = Release|Any CPU
		{882A313C-F254-4405-8C4C-8D0206221923}.Release|Any CPU.Build.0 = Release|Any CPU
	EndGlobalSection
	GlobalSection(SolutionProperties) = preSolution
		HideSolutionNode = FALSE
	EndGlobalSection
	GlobalSection(ExtensibilityGlobals) = postSolution
		SolutionGuid = {2B02BF21-A132-4C67-9FDA-7C8CE263D539}
	EndGlobalSection
EndGlobal
